
Microsoft Visual Studio Solution File, Format Version 12.00
# Visual Studio Version 16
VisualStudioVersion = 16.0.30611.23
MinimumVisualStudioVersion = 10.0.40219.1
Project("{FAE04EC0-301F-11D3-BF4B-00C04F79EFBC}") = "MFCS", "MFCS\MFCS.csproj", "{E991AA65-5DCE-44D3-9533-45E0EAFC817B}"
EndProject
Global
	GlobalSection(SolutionConfigurationPlatforms) = preSolution
		Debug|Any CPU = Debug|Any CPU
		Release|Any CPU = Release|Any CPU
	EndGlobalSection
	GlobalSection(ProjectConfigurationPlatforms) = postSolution
		{E991AA65-5DCE-44D3-9533-45E0EAFC817B}.Debug|Any CPU.ActiveCfg = Debug|Any CPU
		{E991AA65-5DCE-44D3-9533-45E0EAFC817B}.Debug|Any CPU.Build.0 = Debug|Any CPU
		{E991AA65-5DCE-44D3-9533-45E0EAFC817B}.Release|Any CPU.ActiveCfg = Release|Any CPU
		{E991AA65-5DCE-44D3-9533-45E0EAFC817B}.Release|Any CPU.Build.0 = Release|Any CPU
	EndGlobalSection
	GlobalSection(SolutionProperties) = preSolution
		HideSolutionNode = FALSE
	EndGlobalSection
	GlobalSection(ExtensibilityGlobals) = postSolution
		SolutionGuid = {40A0D7C5-F6A9-4CDE-9F1C-DBDF03ADD219}
	EndGlobalSection
EndGlobal
